// !$*UTF8*$!
{
  archiveVersion = 1;
  classes = {
  };
  objectVersion = 46;
  objects = {

/* Begin PBXBuildFile section */
    65AC9FD119C3D63B004E8124 /* MapKit.framework in Frameworks */ = {isa = PBXBuildFile; fileRef = 65DEEB6D19C3D5AC00FA0D9D /* MapKit.framework */; };
    5274178E19C3F2BD003D61BF /* Bolts.framework in Frameworks */ = {isa = PBXBuildFile; fileRef = 5274178D19C3F2BD003D61BF /* Bolts.framework */; };
    5274179019C3F2FC003D61BF /* MobileCoreServices.framework in Frameworks */ = {isa = PBXBuildFile; fileRef = 5274178F19C3F2FC003D61BF /* MobileCoreServices.framework */; };
    5274179219C3FA11003D61BF /* libicucore.dylib in Frameworks */ = {isa = PBXBuildFile; fileRef = 5274179119C3FA11003D61BF /* libicucore.dylib */; };
    5274179419C3FA19003D61BF /* libc++.dylib in Frameworks */ = {isa = PBXBuildFile; fileRef = 5274179319C3FA19003D61BF /* libc++.dylib */; };
    5274179619C3FD01003D61BF /* Firebase.framework in Frameworks */ = {isa = PBXBuildFile; fileRef = 5274179519C3FD01003D61BF /* Firebase.framework */; };
    528E4F2019C4163300D307D5 /* Social.framework in Frameworks */ = {isa = PBXBuildFile; fileRef = 528E4F1F19C4163300D307D5 /* Social.framework */; };
    528E4F2219C4165900D307D5 /* AddressBook.framework in Frameworks */ = {isa = PBXBuildFile; fileRef = 528E4F2119C4165900D307D5 /* AddressBook.framework */; };
    528E4F2419C4166000D307D5 /* AVFoundation.framework in Frameworks */ = {isa = PBXBuildFile; fileRef = 528E4F2319C4166000D307D5 /* AVFoundation.framework */; };
    528E4F2619C4166800D307D5 /* CoreMedia.framework in Frameworks */ = {isa = PBXBuildFile; fileRef = 528E4F2519C4166800D307D5 /* CoreMedia.framework */; };
    528E4F2819C4167000D307D5 /* MediaPlayer.framework in Frameworks */ = {isa = PBXBuildFile; fileRef = 528E4F2719C4167000D307D5 /* MediaPlayer.framework */; };
    528E4F2A19C4167700D307D5 /* Accounts.framework in Frameworks */ = {isa = PBXBuildFile; fileRef = 528E4F2919C4167700D307D5 /* Accounts.framework */; };
    65DEEB3819C3D31300FA0D9D /* Foundation.framework in Frameworks */ = {isa = PBXBuildFile; fileRef = 65DEEB3719C3D31300FA0D9D /* Foundation.framework */; };
    65DEEB3A19C3D31300FA0D9D /* CoreGraphics.framework in Frameworks */ = {isa = PBXBuildFile; fileRef = 65DEEB3919C3D31300FA0D9D /* CoreGraphics.framework */; };
    65DEEB3C19C3D31300FA0D9D /* UIKit.framework in Frameworks */ = {isa = PBXBuildFile; fileRef = 65DEEB3B19C3D31300FA0D9D /* UIKit.framework */; };
    65DEEB4219C3D31300FA0D9D /* InfoPlist.strings in Resources */ = {isa = PBXBuildFile; fileRef = 65DEEB4019C3D31300FA0D9D /* InfoPlist.strings */; };
    65DEEB4419C3D31300FA0D9D /* main.m in Sources */ = {isa = PBXBuildFile; fileRef = 65DEEB4319C3D31300FA0D9D /* main.m */; };
    65DEEB4819C3D31300FA0D9D /* WWMAppDelegate.m in Sources */ = {isa = PBXBuildFile; fileRef = 65DEEB4719C3D31300FA0D9D /* WWMAppDelegate.m */; };
    65DEEB4B19C3D31300FA0D9D /* Main.storyboard in Resources */ = {isa = PBXBuildFile; fileRef = 65DEEB4919C3D31300FA0D9D /* Main.storyboard */; };
    65DEEB4E19C3D31300FA0D9D /* WWMViewController.m in Sources */ = {isa = PBXBuildFile; fileRef = 65DEEB4D19C3D31300FA0D9D /* WWMViewController.m */; };
    65DEEB5019C3D31300FA0D9D /* Images.xcassets in Resources */ = {isa = PBXBuildFile; fileRef = 65DEEB4F19C3D31300FA0D9D /* Images.xcassets */; };
    65DEEB5719C3D31300FA0D9D /* XCTest.framework in Frameworks */ = {isa = PBXBuildFile; fileRef = 65DEEB5619C3D31300FA0D9D /* XCTest.framework */; };
    65DEEB5819C3D31400FA0D9D /* Foundation.framework in Frameworks */ = {isa = PBXBuildFile; fileRef = 65DEEB3719C3D31300FA0D9D /* Foundation.framework */; };
    65DEEB5919C3D31400FA0D9D /* UIKit.framework in Frameworks */ = {isa = PBXBuildFile; fileRef = 65DEEB3B19C3D31300FA0D9D /* UIKit.framework */; };
    65DEEB6119C3D31400FA0D9D /* InfoPlist.strings in Resources */ = {isa = PBXBuildFile; fileRef = 65DEEB5F19C3D31400FA0D9D /* InfoPlist.strings */; };
    65DEEB6319C3D31400FA0D9D /* Walk_With_MeTests.m in Sources */ = {isa = PBXBuildFile; fileRef = 65DEEB6219C3D31400FA0D9D /* Walk_With_MeTests.m */; };
    96C7982819C3E5E800B975F1 /* AudioToolbox.framework in Frameworks */ = {isa = PBXBuildFile; fileRef = 96C7982719C3E5E800B975F1 /* AudioToolbox.framework */; };
    96C7982A19C3E5EE00B975F1 /* CFNetwork.framework in Frameworks */ = {isa = PBXBuildFile; fileRef = 96C7982919C3E5EE00B975F1 /* CFNetwork.framework */; };
    96C7982D19C3E60200B975F1 /* CoreLocation.framework in Frameworks */ = {isa = PBXBuildFile; fileRef = 96C7982B19C3E60200B975F1 /* CoreLocation.framework */; };
    96C7982E19C3E60200B975F1 /* libz.dylib in Frameworks */ = {isa = PBXBuildFile; fileRef = 96C7982C19C3E60200B975F1 /* libz.dylib */; };
    96C7983019C3E61100B975F1 /* QuartzCore.framework in Frameworks */ = {isa = PBXBuildFile; fileRef = 96C7982F19C3E61100B975F1 /* QuartzCore.framework */; };
    96C7983419C3E62200B975F1 /* Security.framework in Frameworks */ = {isa = PBXBuildFile; fileRef = 96C7983119C3E62200B975F1 /* Security.framework */; };
    96C7983519C3E62200B975F1 /* StoreKit.framework in Frameworks */ = {isa = PBXBuildFile; fileRef = 96C7983219C3E62200B975F1 /* StoreKit.framework */; };
    96C7983619C3E62200B975F1 /* SystemConfiguration.framework in Frameworks */ = {isa = PBXBuildFile; fileRef = 96C7983319C3E62200B975F1 /* SystemConfiguration.framework */; };
    96F016DA19C3E48700EAD431 /* Parse.framework in Frameworks */ = {isa = PBXBuildFile; fileRef = 96F016D919C3E48700EAD431 /* Parse.framework */; };
/* End PBXBuildFile section */

/* Begin PBXContainerItemProxy section */
    65DEEB5A19C3D31400FA0D9D /* PBXContainerItemProxy */ = {
      isa = PBXContainerItemProxy;
      containerPortal = 65DEEB2C19C3D31300FA0D9D /* Project object */;
      proxyType = 1;
      remoteGlobalIDString = 65DEEB3319C3D31300FA0D9D;
      remoteInfo = "Walk With Me";
    };
/* End PBXContainerItemProxy section */

/* Begin PBXFileReference section */
    5274178D19C3F2BD003D61BF /* Bolts.framework */ = {isa = PBXFileReference; lastKnownFileType = wrapper.framework; path = Bolts.framework; sourceTree = "<group>"; };
    5274178F19C3F2FC003D61BF /* MobileCoreServices.framework */ = {isa = PBXFileReference; lastKnownFileType = wrapper.framework; name = MobileCoreServices.framework; path = System/Library/Frameworks/MobileCoreServices.framework; sourceTree = SDKROOT; };
    5274179119C3FA11003D61BF /* libicucore.dylib */ = {isa = PBXFileReference; lastKnownFileType = "compiled.mach-o.dylib"; name = libicucore.dylib; path = usr/lib/libicucore.dylib; sourceTree = SDKROOT; };
    5274179319C3FA19003D61BF /* libc++.dylib */ = {isa = PBXFileReference; lastKnownFileType = "compiled.mach-o.dylib"; name = "libc++.dylib"; path = "usr/lib/libc++.dylib"; sourceTree = SDKROOT; };
    5274179519C3FD01003D61BF /* Firebase.framework */ = {isa = PBXFileReference; lastKnownFileType = wrapper.framework; path = Firebase.framework; sourceTree = "<group>"; };
    528E4F1F19C4163300D307D5 /* Social.framework */ = {isa = PBXFileReference; lastKnownFileType = wrapper.framework; name = Social.framework; path = System/Library/Frameworks/Social.framework; sourceTree = SDKROOT; };
    528E4F2119C4165900D307D5 /* AddressBook.framework */ = {isa = PBXFileReference; lastKnownFileType = wrapper.framework; name = AddressBook.framework; path = System/Library/Frameworks/AddressBook.framework; sourceTree = SDKROOT; };
    528E4F2319C4166000D307D5 /* AVFoundation.framework */ = {isa = PBXFileReference; lastKnownFileType = wrapper.framework; name = AVFoundation.framework; path = System/Library/Frameworks/AVFoundation.framework; sourceTree = SDKROOT; };
    528E4F2519C4166800D307D5 /* CoreMedia.framework */ = {isa = PBXFileReference; lastKnownFileType = wrapper.framework; name = CoreMedia.framework; path = System/Library/Frameworks/CoreMedia.framework; sourceTree = SDKROOT; };
    528E4F2719C4167000D307D5 /* MediaPlayer.framework */ = {isa = PBXFileReference; lastKnownFileType = wrapper.framework; name = MediaPlayer.framework; path = System/Library/Frameworks/MediaPlayer.framework; sourceTree = SDKROOT; };
    528E4F2919C4167700D307D5 /* Accounts.framework */ = {isa = PBXFileReference; lastKnownFileType = wrapper.framework; name = Accounts.framework; path = System/Library/Frameworks/Accounts.framework; sourceTree = SDKROOT; };
    65DEEB3419C3D31300FA0D9D /* Walk With Me.app */ = {isa = PBXFileReference; explicitFileType = wrapper.application; includeInIndex = 0; path = "Walk With Me.app"; sourceTree = BUILT_PRODUCTS_DIR; };
    65DEEB3719C3D31300FA0D9D /* Foundation.framework */ = {isa = PBXFileReference; lastKnownFileType = wrapper.framework; name = Foundation.framework; path = System/Library/Frameworks/Foundation.framework; sourceTree = SDKROOT; };
    65DEEB3919C3D31300FA0D9D /* CoreGraphics.framework */ = {isa = PBXFileReference; lastKnownFileType = wrapper.framework; name = CoreGraphics.framework; path = System/Library/Frameworks/CoreGraphics.framework; sourceTree = SDKROOT; };
    65DEEB3B19C3D31300FA0D9D /* UIKit.framework */ = {isa = PBXFileReference; lastKnownFileType = wrapper.framework; name = UIKit.framework; path = System/Library/Frameworks/UIKit.framework; sourceTree = SDKROOT; };
    65DEEB3F19C3D31300FA0D9D /* Walk With Me-Info.plist */ = {isa = PBXFileReference; lastKnownFileType = text.plist.xml; path = "Walk With Me-Info.plist"; sourceTree = "<group>"; };
    65DEEB4119C3D31300FA0D9D /* en */ = {isa = PBXFileReference; lastKnownFileType = text.plist.strings; name = en; path = en.lproj/InfoPlist.strings; sourceTree = "<group>"; };
    65DEEB4319C3D31300FA0D9D /* main.m */ = {isa = PBXFileReference; lastKnownFileType = sourcecode.c.objc; path = main.m; sourceTree = "<group>"; };
    65DEEB4519C3D31300FA0D9D /* Walk With Me-Prefix.pch */ = {isa = PBXFileReference; lastKnownFileType = sourcecode.c.h; path = "Walk With Me-Prefix.pch"; sourceTree = "<group>"; };
    65DEEB4619C3D31300FA0D9D /* WWMAppDelegate.h */ = {isa = PBXFileReference; lastKnownFileType = sourcecode.c.h; path = WWMAppDelegate.h; sourceTree = "<group>"; };
    65DEEB4719C3D31300FA0D9D /* WWMAppDelegate.m */ = {isa = PBXFileReference; lastKnownFileType = sourcecode.c.objc; path = WWMAppDelegate.m; sourceTree = "<group>"; };
    65DEEB4A19C3D31300FA0D9D /* Base */ = {isa = PBXFileReference; lastKnownFileType = file.storyboard; name = Base; path = Base.lproj/Main.storyboard; sourceTree = "<group>"; };
    65DEEB4C19C3D31300FA0D9D /* WWMViewController.h */ = {isa = PBXFileReference; lastKnownFileType = sourcecode.c.h; path = WWMViewController.h; sourceTree = "<group>"; };
    65DEEB4D19C3D31300FA0D9D /* WWMViewController.m */ = {isa = PBXFileReference; lastKnownFileType = sourcecode.c.objc; path = WWMViewController.m; sourceTree = "<group>"; };
    65DEEB4F19C3D31300FA0D9D /* Images.xcassets */ = {isa = PBXFileReference; lastKnownFileType = folder.assetcatalog; path = Images.xcassets; sourceTree = "<group>"; };
    65DEEB5519C3D31300FA0D9D /* Walk With MeTests.xctest */ = {isa = PBXFileReference; explicitFileType = wrapper.cfbundle; includeInIndex = 0; path = "Walk With MeTests.xctest"; sourceTree = BUILT_PRODUCTS_DIR; };
    65DEEB5619C3D31300FA0D9D /* XCTest.framework */ = {isa = PBXFileReference; lastKnownFileType = wrapper.framework; name = XCTest.framework; path = Library/Frameworks/XCTest.framework; sourceTree = DEVELOPER_DIR; };
    65DEEB5E19C3D31400FA0D9D /* Walk With MeTests-Info.plist */ = {isa = PBXFileReference; lastKnownFileType = text.plist.xml; path = "Walk With MeTests-Info.plist"; sourceTree = "<group>"; };
    65DEEB6019C3D31400FA0D9D /* en */ = {isa = PBXFileReference; lastKnownFileType = text.plist.strings; name = en; path = en.lproj/InfoPlist.strings; sourceTree = "<group>"; };
    65DEEB6219C3D31400FA0D9D /* Walk_With_MeTests.m */ = {isa = PBXFileReference; lastKnownFileType = sourcecode.c.objc; path = Walk_With_MeTests.m; sourceTree = "<group>"; };
    65DEEB6C19C3D56A00FA0D9D /* WalkWithMe.h */ = {isa = PBXFileReference; lastKnownFileType = sourcecode.c.h; path = WalkWithMe.h; sourceTree = "<group>"; };
    65DEEB6D19C3D5AC00FA0D9D /* MapKit.framework */ = {isa = PBXFileReference; lastKnownFileType = wrapper.framework; name = MapKit.framework; path = System/Library/Frameworks/MapKit.framework; sourceTree = SDKROOT; };
    96C7982719C3E5E800B975F1 /* AudioToolbox.framework */ = {isa = PBXFileReference; lastKnownFileType = wrapper.framework; name = AudioToolbox.framework; path = System/Library/Frameworks/AudioToolbox.framework; sourceTree = SDKROOT; };
    96C7982919C3E5EE00B975F1 /* CFNetwork.framework */ = {isa = PBXFileReference; lastKnownFileType = wrapper.framework; name = CFNetwork.framework; path = System/Library/Frameworks/CFNetwork.framework; sourceTree = SDKROOT; };
    96C7982B19C3E60200B975F1 /* CoreLocation.framework */ = {isa = PBXFileReference; lastKnownFileType = wrapper.framework; name = CoreLocation.framework; path = System/Library/Frameworks/CoreLocation.framework; sourceTree = SDKROOT; };
    96C7982C19C3E60200B975F1 /* libz.dylib */ = {isa = PBXFileReference; lastKnownFileType = "compiled.mach-o.dylib"; name = libz.dylib; path = usr/lib/libz.dylib; sourceTree = SDKROOT; };
    96C7982F19C3E61100B975F1 /* QuartzCore.framework */ = {isa = PBXFileReference; lastKnownFileType = wrapper.framework; name = QuartzCore.framework; path = System/Library/Frameworks/QuartzCore.framework; sourceTree = SDKROOT; };
    96C7983119C3E62200B975F1 /* Security.framework */ = {isa = PBXFileReference; lastKnownFileType = wrapper.framework; name = Security.framework; path = System/Library/Frameworks/Security.framework; sourceTree = SDKROOT; };
    96C7983219C3E62200B975F1 /* StoreKit.framework */ = {isa = PBXFileReference; lastKnownFileType = wrapper.framework; name = StoreKit.framework; path = System/Library/Frameworks/StoreKit.framework; sourceTree = SDKROOT; };
    96C7983319C3E62200B975F1 /* SystemConfiguration.framework */ = {isa = PBXFileReference; lastKnownFileType = wrapper.framework; name = SystemConfiguration.framework; path = System/Library/Frameworks/SystemConfiguration.framework; sourceTree = SDKROOT; };
    96F016D919C3E48700EAD431 /* Parse.framework */ = {isa = PBXFileReference; lastKnownFileType = wrapper.framework; path = Parse.framework; sourceTree = "<group>"; };
/* End PBXFileReference section */

/* Begin PBXFrameworksBuildPhase section */
    65DEEB3119C3D31300FA0D9D /* Frameworks */ = {
      isa = PBXFrameworksBuildPhase;
      buildActionMask = 2147483647;
      files = (
        528E4F2A19C4167700D307D5 /* Accounts.framework in Frameworks */,
        528E4F2819C4167000D307D5 /* MediaPlayer.framework in Frameworks */,
        528E4F2619C4166800D307D5 /* CoreMedia.framework in Frameworks */,
        528E4F2419C4166000D307D5 /* AVFoundation.framework in Frameworks */,
        528E4F2219C4165900D307D5 /* AddressBook.framework in Frameworks */,
        528E4F2019C4163300D307D5 /* Social.framework in Frameworks */,
        5274179419C3FA19003D61BF /* libc++.dylib in Frameworks */,
        5274179219C3FA11003D61BF /* libicucore.dylib in Frameworks */,
        5274179019C3F2FC003D61BF /* MobileCoreServices.framework in Frameworks */,
        96C7983419C3E62200B975F1 /* Security.framework in Frameworks */,
        96C7983519C3E62200B975F1 /* StoreKit.framework in Frameworks */,
        96C7983619C3E62200B975F1 /* SystemConfiguration.framework in Frameworks */,
        96C7983019C3E61100B975F1 /* QuartzCore.framework in Frameworks */,
        96C7982D19C3E60200B975F1 /* CoreLocation.framework in Frameworks */,
        96C7982E19C3E60200B975F1 /* libz.dylib in Frameworks */,
        65DEEB3A19C3D31300FA0D9D /* CoreGraphics.framework in Frameworks */,
        5274178E19C3F2BD003D61BF /* Bolts.framework in Frameworks */,
        96C7982A19C3E5EE00B975F1 /* CFNetwork.framework in Frameworks */,
        96C7982819C3E5E800B975F1 /* AudioToolbox.framework in Frameworks */,
        5274179619C3FD01003D61BF /* Firebase.framework in Frameworks */,
        65DEEB3C19C3D31300FA0D9D /* UIKit.framework in Frameworks */,
        65AC9FD119C3D63B004E8124 /* MapKit.framework in Frameworks */,
        96F016DA19C3E48700EAD431 /* Parse.framework in Frameworks */,
        65DEEB3819C3D31300FA0D9D /* Foundation.framework in Frameworks */,
      );
      runOnlyForDeploymentPostprocessing = 0;
    };
    65DEEB5219C3D31300FA0D9D /* Frameworks */ = {
      isa = PBXFrameworksBuildPhase;
      buildActionMask = 2147483647;
      files = (
        65DEEB5719C3D31300FA0D9D /* XCTest.framework in Frameworks */,
        65DEEB5919C3D31400FA0D9D /* UIKit.framework in Frameworks */,
        65DEEB5819C3D31400FA0D9D /* Foundation.framework in Frameworks */,
      );
      runOnlyForDeploymentPostprocessing = 0;
    };
/* End PBXFrameworksBuildPhase section */

/* Begin PBXGroup section */
    65DEEB2B19C3D31300FA0D9D = {
      isa = PBXGroup;
      children = (
        65DEEB3D19C3D31300FA0D9D /* Walk With Me */,
        65DEEB5C19C3D31400FA0D9D /* Walk With MeTests */,
        65DEEB3619C3D31300FA0D9D /* Frameworks */,
        65DEEB3519C3D31300FA0D9D /* Products */,
      );
      sourceTree = "<group>";
    };
    65DEEB3519C3D31300FA0D9D /* Products */ = {
      isa = PBXGroup;
      children = (
        65DEEB3419C3D31300FA0D9D /* Walk With Me.app */,
        65DEEB5519C3D31300FA0D9D /* Walk With MeTests.xctest */,
      );
      name = Products;
      sourceTree = "<group>";
    };
    65DEEB3619C3D31300FA0D9D /* Frameworks */ = {
      isa = PBXGroup;
      children = (
        65DEEB6D19C3D5AC00FA0D9D /* MapKit.framework */,
        528E4F2919C4167700D307D5 /* Accounts.framework */,
        528E4F2719C4167000D307D5 /* MediaPlayer.framework */,
        528E4F2519C4166800D307D5 /* CoreMedia.framework */,
        528E4F2319C4166000D307D5 /* AVFoundation.framework */,
        528E4F2119C4165900D307D5 /* AddressBook.framework */,
        528E4F1F19C4163300D307D5 /* Social.framework */,
        5274179319C3FA19003D61BF /* libc++.dylib */,
        5274179119C3FA11003D61BF /* libicucore.dylib */,
        5274178F19C3F2FC003D61BF /* MobileCoreServices.framework */,
        5274178D19C3F2BD003D61BF /* Bolts.framework */,
        96C7983119C3E62200B975F1 /* Security.framework */,
        96C7983219C3E62200B975F1 /* StoreKit.framework */,
        96C7983319C3E62200B975F1 /* SystemConfiguration.framework */,
        96C7982F19C3E61100B975F1 /* QuartzCore.framework */,
        96C7982B19C3E60200B975F1 /* CoreLocation.framework */,
        96C7982C19C3E60200B975F1 /* libz.dylib */,
        5274179519C3FD01003D61BF /* Firebase.framework */,
        96C7982919C3E5EE00B975F1 /* CFNetwork.framework */,
        96C7982719C3E5E800B975F1 /* AudioToolbox.framework */,
        96F016D919C3E48700EAD431 /* Parse.framework */,
        65DEEB3719C3D31300FA0D9D /* Foundation.framework */,
        65DEEB3919C3D31300FA0D9D /* CoreGraphics.framework */,
        65DEEB3B19C3D31300FA0D9D /* UIKit.framework */,
        65DEEB5619C3D31300FA0D9D /* XCTest.framework */,
      );
      name = Frameworks;
      sourceTree = "<group>";
    };
    65DEEB3D19C3D31300FA0D9D /* Walk With Me */ = {
      isa = PBXGroup;
      children = (
        65DEEB6C19C3D56A00FA0D9D /* WalkWithMe.h */,
        65DEEB4619C3D31300FA0D9D /* WWMAppDelegate.h */,
        65DEEB4719C3D31300FA0D9D /* WWMAppDelegate.m */,
        65DEEB4919C3D31300FA0D9D /* Main.storyboard */,
        65DEEB4C19C3D31300FA0D9D /* WWMViewController.h */,
        65DEEB4D19C3D31300FA0D9D /* WWMViewController.m */,
        65DEEB4F19C3D31300FA0D9D /* Images.xcassets */,
        65DEEB3E19C3D31300FA0D9D /* Supporting Files */,
      );
      path = "Walk With Me";
      sourceTree = "<group>";
    };
    65DEEB3E19C3D31300FA0D9D /* Supporting Files */ = {
      isa = PBXGroup;
      children = (
        65DEEB3F19C3D31300FA0D9D /* Walk With Me-Info.plist */,
        65DEEB4019C3D31300FA0D9D /* InfoPlist.strings */,
        65DEEB4319C3D31300FA0D9D /* main.m */,
        65DEEB4519C3D31300FA0D9D /* Walk With Me-Prefix.pch */,
      );
      name = "Supporting Files";
      sourceTree = "<group>";
    };
    65DEEB5C19C3D31400FA0D9D /* Walk With MeTests */ = {
      isa = PBXGroup;
      children = (
        65DEEB6219C3D31400FA0D9D /* Walk_With_MeTests.m */,
        65DEEB5D19C3D31400FA0D9D /* Supporting Files */,
      );
      path = "Walk With MeTests";
      sourceTree = "<group>";
    };
    65DEEB5D19C3D31400FA0D9D /* Supporting Files */ = {
      isa = PBXGroup;
      children = (
        65DEEB5E19C3D31400FA0D9D /* Walk With MeTests-Info.plist */,
        65DEEB5F19C3D31400FA0D9D /* InfoPlist.strings */,
      );
      name = "Supporting Files";
      sourceTree = "<group>";
    };
/* End PBXGroup section */

/* Begin PBXNativeTarget section */
    65DEEB3319C3D31300FA0D9D /* Walk With Me */ = {
      isa = PBXNativeTarget;
      buildConfigurationList = 65DEEB6619C3D31400FA0D9D /* Build configuration list for PBXNativeTarget "Walk With Me" */;
      buildPhases = (
        65DEEB3019C3D31300FA0D9D /* Sources */,
        65DEEB3119C3D31300FA0D9D /* Frameworks */,
        65DEEB3219C3D31300FA0D9D /* Resources */,
      );
      buildRules = (
      );
      dependencies = (
      );
      name = "Walk With Me";
      productName = "Walk With Me";
      productReference = 65DEEB3419C3D31300FA0D9D /* Walk With Me.app */;
      productType = "com.apple.product-type.application";
    };
    65DEEB5419C3D31300FA0D9D /* Walk With MeTests */ = {
      isa = PBXNativeTarget;
      buildConfigurationList = 65DEEB6919C3D31400FA0D9D /* Build configuration list for PBXNativeTarget "Walk With MeTests" */;
      buildPhases = (
        65DEEB5119C3D31300FA0D9D /* Sources */,
        65DEEB5219C3D31300FA0D9D /* Frameworks */,
        65DEEB5319C3D31300FA0D9D /* Resources */,
      );
      buildRules = (
      );
      dependencies = (
        65DEEB5B19C3D31400FA0D9D /* PBXTargetDependency */,
      );
      name = "Walk With MeTests";
      productName = "Walk With MeTests";
      productReference = 65DEEB5519C3D31300FA0D9D /* Walk With MeTests.xctest */;
      productType = "com.apple.product-type.bundle.unit-test";
    };
/* End PBXNativeTarget section */

/* Begin PBXProject section */
    65DEEB2C19C3D31300FA0D9D /* Project object */ = {
      isa = PBXProject;
      attributes = {
        CLASSPREFIX = WWM;
        LastUpgradeCheck = 0510;
        ORGANIZATIONNAME = "Walk With Me LLC";
        TargetAttributes = {
          65DEEB3319C3D31300FA0D9D = {
            SystemCapabilities = {
              com.apple.iOS = {
                enabled = 1;
              };
            };
            DevelopmentTeam = 93VS8ZM66Y;
          };
          65DEEB5419C3D31300FA0D9D = {
            TestTargetID = 65DEEB3319C3D31300FA0D9D;
          };
        };
      };
      buildConfigurationList = 65DEEB2F19C3D31300FA0D9D /* Build configuration list for PBXProject "Walk With Me" */;
      compatibilityVersion = "Xcode 3.2";
      developmentRegion = English;
      hasScannedForEncodings = 0;
      knownRegions = (
        en,
        Base,
      );
      mainGroup = 65DEEB2B19C3D31300FA0D9D;
      productRefGroup = 65DEEB3519C3D31300FA0D9D /* Products */;
      projectDirPath = "";
      projectRoot = "";
      targets = (
        65DEEB3319C3D31300FA0D9D /* Walk With Me */,
        65DEEB5419C3D31300FA0D9D /* Walk With MeTests */,
      );
    };
/* End PBXProject section */

/* Begin PBXResourcesBuildPhase section */
    65DEEB3219C3D31300FA0D9D /* Resources */ = {
      isa = PBXResourcesBuildPhase;
      buildActionMask = 2147483647;
      files = (
        65DEEB5019C3D31300FA0D9D /* Images.xcassets in Resources */,
        65DEEB4219C3D31300FA0D9D /* InfoPlist.strings in Resources */,
        65DEEB4B19C3D31300FA0D9D /* Main.storyboard in Resources */,
      );
      runOnlyForDeploymentPostprocessing = 0;
    };
    65DEEB5319C3D31300FA0D9D /* Resources */ = {
      isa = PBXResourcesBuildPhase;
      buildActionMask = 2147483647;
      files = (
        65DEEB6119C3D31400FA0D9D /* InfoPlist.strings in Resources */,
      );
      runOnlyForDeploymentPostprocessing = 0;
    };
/* End PBXResourcesBuildPhase section */

/* Begin PBXSourcesBuildPhase section */
    65DEEB3019C3D31300FA0D9D /* Sources */ = {
      isa = PBXSourcesBuildPhase;
      buildActionMask = 2147483647;
      files = (
        65DEEB4E19C3D31300FA0D9D /* WWMViewController.m in Sources */,
        65DEEB4819C3D31300FA0D9D /* WWMAppDelegate.m in Sources */,
        65DEEB4419C3D31300FA0D9D /* main.m in Sources */,
      );
      runOnlyForDeploymentPostprocessing = 0;
    };
    65DEEB5119C3D31300FA0D9D /* Sources */ = {
      isa = PBXSourcesBuildPhase;
      buildActionMask = 2147483647;
      files = (
        65DEEB6319C3D31400FA0D9D /* Walk_With_MeTests.m in Sources */,
      );
      runOnlyForDeploymentPostprocessing = 0;
    };
/* End PBXSourcesBuildPhase section */

/* Begin PBXTargetDependency section */
    65DEEB5B19C3D31400FA0D9D /* PBXTargetDependency */ = {
      isa = PBXTargetDependency;
      target = 65DEEB3319C3D31300FA0D9D /* Walk With Me */;
      targetProxy = 65DEEB5A19C3D31400FA0D9D /* PBXContainerItemProxy */;
    };
/* End PBXTargetDependency section */

/* Begin PBXVariantGroup section */
    65DEEB4019C3D31300FA0D9D /* InfoPlist.strings */ = {
      isa = PBXVariantGroup;
      children = (
        65DEEB4119C3D31300FA0D9D /* en */,
      );
      name = InfoPlist.strings;
      sourceTree = "<group>";
    };
    65DEEB4919C3D31300FA0D9D /* Main.storyboard */ = {
      isa = PBXVariantGroup;
      children = (
        65DEEB4A19C3D31300FA0D9D /* Base */,
      );
      name = Main.storyboard;
      sourceTree = "<group>";
    };
    65DEEB5F19C3D31400FA0D9D /* InfoPlist.strings */ = {
      isa = PBXVariantGroup;
      children = (
        65DEEB6019C3D31400FA0D9D /* en */,
      );
      name = InfoPlist.strings;
      sourceTree = "<group>";
    };
/* End PBXVariantGroup section */

/* Begin XCBuildConfiguration section */
    65DEEB6419C3D31400FA0D9D /* Debug */ = {
      isa = XCBuildConfiguration;
      buildSettings = {
        ALWAYS_SEARCH_USER_PATHS = NO;
        CLANG_CXX_LANGUAGE_STANDARD = "gnu++0x";
        CLANG_CXX_LIBRARY = "libc++";
        CLANG_ENABLE_MODULES = YES;
        CLANG_ENABLE_OBJC_ARC = YES;
        CLANG_WARN_BOOL_CONVERSION = YES;
        CLANG_WARN_CONSTANT_CONVERSION = YES;
        CLANG_WARN_DIRECT_OBJC_ISA_USAGE = YES_ERROR;
        CLANG_WARN_EMPTY_BODY = YES;
        CLANG_WARN_ENUM_CONVERSION = YES;
        CLANG_WARN_INT_CONVERSION = YES;
        CLANG_WARN_OBJC_ROOT_CLASS = YES_ERROR;
        CLANG_WARN__DUPLICATE_METHOD_MATCH = YES;
        "CODE_SIGN_IDENTITY[sdk=iphoneos*]" = "iPhone Developer";
        COPY_PHASE_STRIP = NO;
        GCC_C_LANGUAGE_STANDARD = gnu99;
        GCC_DYNAMIC_NO_PIC = NO;
        GCC_OPTIMIZATION_LEVEL = 0;
        GCC_PREPROCESSOR_DEFINITIONS = (
          "DEBUG=1",
          "$(inherited)",
        );
        GCC_SYMBOLS_PRIVATE_EXTERN = NO;
        GCC_WARN_64_TO_32_BIT_CONVERSION = YES;
        GCC_WARN_ABOUT_RETURN_TYPE = YES_ERROR;
        GCC_WARN_UNDECLARED_SELECTOR = YES;
        GCC_WARN_UNINITIALIZED_AUTOS = YES_AGGRESSIVE;
        GCC_WARN_UNUSED_FUNCTION = YES;
        GCC_WARN_UNUSED_VARIABLE = YES;
        IPHONEOS_DEPLOYMENT_TARGET = 7.1;
        ONLY_ACTIVE_ARCH = YES;
        SDKROOT = iphoneos;
      };
      name = Debug;
    };
    65DEEB6519C3D31400FA0D9D /* Release */ = {
      isa = XCBuildConfiguration;
      buildSettings = {
        ALWAYS_SEARCH_USER_PATHS = NO;
        CLANG_CXX_LANGUAGE_STANDARD = "gnu++0x";
        CLANG_CXX_LIBRARY = "libc++";
        CLANG_ENABLE_MODULES = YES;
        CLANG_ENABLE_OBJC_ARC = YES;
        CLANG_WARN_BOOL_CONVERSION = YES;
        CLANG_WARN_CONSTANT_CONVERSION = YES;
        CLANG_WARN_DIRECT_OBJC_ISA_USAGE = YES_ERROR;
        CLANG_WARN_EMPTY_BODY = YES;
        CLANG_WARN_ENUM_CONVERSION = YES;
        CLANG_WARN_INT_CONVERSION = YES;
        CLANG_WARN_OBJC_ROOT_CLASS = YES_ERROR;
        CLANG_WARN__DUPLICATE_METHOD_MATCH = YES;
        "CODE_SIGN_IDENTITY[sdk=iphoneos*]" = "iPhone Developer";
        COPY_PHASE_STRIP = YES;
        ENABLE_NS_ASSERTIONS = NO;
        GCC_C_LANGUAGE_STANDARD = gnu99;
        GCC_WARN_64_TO_32_BIT_CONVERSION = YES;
        GCC_WARN_ABOUT_RETURN_TYPE = YES_ERROR;
        GCC_WARN_UNDECLARED_SELECTOR = YES;
        GCC_WARN_UNINITIALIZED_AUTOS = YES_AGGRESSIVE;
        GCC_WARN_UNUSED_FUNCTION = YES;
        GCC_WARN_UNUSED_VARIABLE = YES;
        IPHONEOS_DEPLOYMENT_TARGET = 7.1;
        SDKROOT = iphoneos;
        VALIDATE_PRODUCT = YES;
      };
      name = Release;
    };
    65DEEB6719C3D31400FA0D9D /* Debug */ = {
      isa = XCBuildConfiguration;
      buildSettings = {
        ASSETCATALOG_COMPILER_APPICON_NAME = AppIcon;
        ASSETCATALOG_COMPILER_LAUNCHIMAGE_NAME = LaunchImage;
        CODE_SIGN_IDENTITY = "iPhone Developer";
        "CODE_SIGN_IDENTITY[sdk=iphoneos*]" = "iPhone Developer";
        FRAMEWORK_SEARCH_PATHS = (
          "$(inherited)",
          "$(PROJECT_DIR)",
        );
        GCC_PRECOMPILE_PREFIX_HEADER = YES;
        GCC_PREFIX_HEADER = "Walk With Me/Walk With Me-Prefix.pch";
        INFOPLIST_FILE = "Walk With Me/Walk With Me-Info.plist";
        OTHER_LDFLAGS = "-ObjC";
        PRODUCT_NAME = "$(TARGET_NAME)";
        PROVISIONING_PROFILE = "";
        WRAPPER_EXTENSION = app;
      };
      name = Debug;
    };
    65DEEB6819C3D31400FA0D9D /* Release */ = {
      isa = XCBuildConfiguration;
      buildSettings = {
        ASSETCATALOG_COMPILER_APPICON_NAME = AppIcon;
        ASSETCATALOG_COMPILER_LAUNCHIMAGE_NAME = LaunchImage;
        CODE_SIGN_IDENTITY = "iPhone Developer";
        "CODE_SIGN_IDENTITY[sdk=iphoneos*]" = "iPhone Developer";
        FRAMEWORK_SEARCH_PATHS = (
          "$(inherited)",
          "$(PROJECT_DIR)",
        );
        GCC_PRECOMPILE_PREFIX_HEADER = YES;
        GCC_PREFIX_HEADER = "Walk With Me/Walk With Me-Prefix.pch";
        INFOPLIST_FILE = "Walk With Me/Walk With Me-Info.plist";
        OTHER_LDFLAGS = "-ObjC";
        PRODUCT_NAME = "$(TARGET_NAME)";
        PROVISIONING_PROFILE = "";
        WRAPPER_EXTENSION = app;
      };
      name = Release;
    };
    65DEEB6A19C3D31400FA0D9D /* Debug */ = {
      isa = XCBuildConfiguration;
      buildSettings = {
        BUNDLE_LOADER = "$(BUILT_PRODUCTS_DIR)/Walk With Me.app/Walk With Me";
        FRAMEWORK_SEARCH_PATHS = (
          "$(SDKROOT)/Developer/Library/Frameworks",
          "$(inherited)",
          "$(DEVELOPER_FRAMEWORKS_DIR)",
        );
        GCC_PRECOMPILE_PREFIX_HEADER = YES;
        GCC_PREFIX_HEADER = "Walk With Me/Walk With Me-Prefix.pch";
        GCC_PREPROCESSOR_DEFINITIONS = (
          "DEBUG=1",
          "$(inherited)",
        );
        INFOPLIST_FILE = "Walk With MeTests/Walk With MeTests-Info.plist";
        PRODUCT_NAME = "$(TARGET_NAME)";
        TEST_HOST = "$(BUNDLE_LOADER)";
        WRAPPER_EXTENSION = xctest;
      };
      name = Debug;
    };
    65DEEB6B19C3D31400FA0D9D /* Release */ = {
      isa = XCBuildConfiguration;
      buildSettings = {
        BUNDLE_LOADER = "$(BUILT_PRODUCTS_DIR)/Walk With Me.app/Walk With Me";
        FRAMEWORK_SEARCH_PATHS = (
          "$(SDKROOT)/Developer/Library/Frameworks",
          "$(inherited)",
          "$(DEVELOPER_FRAMEWORKS_DIR)",
        );
        GCC_PRECOMPILE_PREFIX_HEADER = YES;
        GCC_PREFIX_HEADER = "Walk With Me/Walk With Me-Prefix.pch";
        INFOPLIST_FILE = "Walk With MeTests/Walk With MeTests-Info.plist";
        PRODUCT_NAME = "$(TARGET_NAME)";
        TEST_HOST = "$(BUNDLE_LOADER)";
        WRAPPER_EXTENSION = xctest;
      };
      name = Release;
    };
/* End XCBuildConfiguration section */

/* Begin XCConfigurationList section */
    65DEEB2F19C3D31300FA0D9D /* Build configuration list for PBXProject "Walk With Me" */ = {
      isa = XCConfigurationList;
      buildConfigurations = (
        65DEEB6419C3D31400FA0D9D /* Debug */,
        65DEEB6519C3D31400FA0D9D /* Release */,
      );
      defaultConfigurationIsVisible = 0;
      defaultConfigurationName = Release;
    };
    65DEEB6619C3D31400FA0D9D /* Build configuration list for PBXNativeTarget "Walk With Me" */ = {
      isa = XCConfigurationList;
      buildConfigurations = (
        65DEEB6719C3D31400FA0D9D /* Debug */,
        65DEEB6819C3D31400FA0D9D /* Release */,
      );
      defaultConfigurationIsVisible = 0;
      defaultConfigurationName = Release;
    };
    65DEEB6919C3D31400FA0D9D /* Build configuration list for PBXNativeTarget "Walk With MeTests" */ = {
      isa = XCConfigurationList;
      buildConfigurations = (
        65DEEB6A19C3D31400FA0D9D /* Debug */,
        65DEEB6B19C3D31400FA0D9D /* Release */,
      );
      defaultConfigurationIsVisible = 0;
      defaultConfigurationName = Release;
    };
/* End XCConfigurationList section */
  };
  rootObject = 65DEEB2C19C3D31300FA0D9D /* Project object */;
}
