<?xml version="1.0" encoding="UTF-8"?>
<!DOCTYPE plist PUBLIC "-//Apple//DTD PLIST 1.0//EN" "http://www.apple.com/DTDs/PropertyList-1.0.dtd">
<plist version="1.0">
<dict>
	<key>archiveVersion</key>
	<string>1</string>
	<key>classes</key>
	<dict/>
	<key>objectVersion</key>
	<string>46</string>
	<key>objects</key>
	<dict>
		<key>423D591D07D648BB8817773E</key>
		<dict>
			<key>buildActionMask</key>
			<string>2147483647</string>
			<key>files</key>
			<array/>
			<key>inputPaths</key>
			<array/>
			<key>isa</key>
			<string>PBXShellScriptBuildPhase</string>
			<key>name</key>
			<string>Check Pods Manifest.lock</string>
			<key>outputPaths</key>
			<array/>
			<key>runOnlyForDeploymentPostprocessing</key>
			<string>0</string>
			<key>shellPath</key>
			<string>/bin/sh</string>
			<key>shellScript</key>
			<string>diff "${PODS_ROOT}/../Podfile.lock" "${PODS_ROOT}/Manifest.lock" &gt; /dev/null
if [[ $? != 0 ]] ; then
    cat &lt;&lt; EOM
error: The sandbox is not in sync with the Podfile.lock. Run 'pod install' or update your CocoaPods installation.
EOM
    exit 1
fi
</string>
			<key>showEnvVarsInLog</key>
			<string>0</string>
		</dict>
		<key>5274178D19C3F2BD003D61BF</key>
		<dict>
			<key>isa</key>
			<string>PBXFileReference</string>
			<key>lastKnownFileType</key>
			<string>wrapper.framework</string>
			<key>path</key>
			<string>Bolts.framework</string>
			<key>sourceTree</key>
			<string>&lt;group&gt;</string>
		</dict>
		<key>5274178E19C3F2BD003D61BF</key>
		<dict>
			<key>fileRef</key>
			<string>5274178D19C3F2BD003D61BF</string>
			<key>isa</key>
			<string>PBXBuildFile</string>
		</dict>
		<key>5274178F19C3F2FC003D61BF</key>
		<dict>
			<key>isa</key>
			<string>PBXFileReference</string>
			<key>lastKnownFileType</key>
			<string>wrapper.framework</string>
			<key>name</key>
			<string>MobileCoreServices.framework</string>
			<key>path</key>
			<string>System/Library/Frameworks/MobileCoreServices.framework</string>
			<key>sourceTree</key>
			<string>SDKROOT</string>
		</dict>
		<key>5274179019C3F2FC003D61BF</key>
		<dict>
			<key>fileRef</key>
			<string>5274178F19C3F2FC003D61BF</string>
			<key>isa</key>
			<string>PBXBuildFile</string>
		</dict>
		<key>5274179119C3FA11003D61BF</key>
		<dict>
			<key>isa</key>
			<string>PBXFileReference</string>
			<key>lastKnownFileType</key>
			<string>compiled.mach-o.dylib</string>
			<key>name</key>
			<string>libicucore.dylib</string>
			<key>path</key>
			<string>usr/lib/libicucore.dylib</string>
			<key>sourceTree</key>
			<string>SDKROOT</string>
		</dict>
		<key>5274179219C3FA11003D61BF</key>
		<dict>
			<key>fileRef</key>
			<string>5274179119C3FA11003D61BF</string>
			<key>isa</key>
			<string>PBXBuildFile</string>
		</dict>
		<key>5274179319C3FA19003D61BF</key>
		<dict>
			<key>isa</key>
			<string>PBXFileReference</string>
			<key>lastKnownFileType</key>
			<string>compiled.mach-o.dylib</string>
			<key>name</key>
			<string>libc++.dylib</string>
			<key>path</key>
			<string>usr/lib/libc++.dylib</string>
			<key>sourceTree</key>
			<string>SDKROOT</string>
		</dict>
		<key>5274179419C3FA19003D61BF</key>
		<dict>
			<key>fileRef</key>
			<string>5274179319C3FA19003D61BF</string>
			<key>isa</key>
			<string>PBXBuildFile</string>
		</dict>
		<key>5274179519C3FD01003D61BF</key>
		<dict>
			<key>isa</key>
			<string>PBXFileReference</string>
			<key>lastKnownFileType</key>
			<string>wrapper.framework</string>
			<key>path</key>
			<string>Firebase.framework</string>
			<key>sourceTree</key>
			<string>&lt;group&gt;</string>
		</dict>
		<key>5274179619C3FD01003D61BF</key>
		<dict>
			<key>fileRef</key>
			<string>5274179519C3FD01003D61BF</string>
			<key>isa</key>
			<string>PBXBuildFile</string>
		</dict>
		<key>528E4F1F19C4163300D307D5</key>
		<dict>
			<key>isa</key>
			<string>PBXFileReference</string>
			<key>lastKnownFileType</key>
			<string>wrapper.framework</string>
			<key>name</key>
			<string>Social.framework</string>
			<key>path</key>
			<string>System/Library/Frameworks/Social.framework</string>
			<key>sourceTree</key>
			<string>SDKROOT</string>
		</dict>
		<key>528E4F2019C4163300D307D5</key>
		<dict>
			<key>fileRef</key>
			<string>528E4F1F19C4163300D307D5</string>
			<key>isa</key>
			<string>PBXBuildFile</string>
		</dict>
		<key>528E4F2119C4165900D307D5</key>
		<dict>
			<key>isa</key>
			<string>PBXFileReference</string>
			<key>lastKnownFileType</key>
			<string>wrapper.framework</string>
			<key>name</key>
			<string>AddressBook.framework</string>
			<key>path</key>
			<string>System/Library/Frameworks/AddressBook.framework</string>
			<key>sourceTree</key>
			<string>SDKROOT</string>
		</dict>
		<key>528E4F2219C4165900D307D5</key>
		<dict>
			<key>fileRef</key>
			<string>528E4F2119C4165900D307D5</string>
			<key>isa</key>
			<string>PBXBuildFile</string>
		</dict>
		<key>528E4F2319C4166000D307D5</key>
		<dict>
			<key>isa</key>
			<string>PBXFileReference</string>
			<key>lastKnownFileType</key>
			<string>wrapper.framework</string>
			<key>name</key>
			<string>AVFoundation.framework</string>
			<key>path</key>
			<string>System/Library/Frameworks/AVFoundation.framework</string>
			<key>sourceTree</key>
			<string>SDKROOT</string>
		</dict>
		<key>528E4F2419C4166000D307D5</key>
		<dict>
			<key>fileRef</key>
			<string>528E4F2319C4166000D307D5</string>
			<key>isa</key>
			<string>PBXBuildFile</string>
		</dict>
		<key>528E4F2519C4166800D307D5</key>
		<dict>
			<key>isa</key>
			<string>PBXFileReference</string>
			<key>lastKnownFileType</key>
			<string>wrapper.framework</string>
			<key>name</key>
			<string>CoreMedia.framework</string>
			<key>path</key>
			<string>System/Library/Frameworks/CoreMedia.framework</string>
			<key>sourceTree</key>
			<string>SDKROOT</string>
		</dict>
		<key>528E4F2619C4166800D307D5</key>
		<dict>
			<key>fileRef</key>
			<string>528E4F2519C4166800D307D5</string>
			<key>isa</key>
			<string>PBXBuildFile</string>
		</dict>
		<key>528E4F2719C4167000D307D5</key>
		<dict>
			<key>isa</key>
			<string>PBXFileReference</string>
			<key>lastKnownFileType</key>
			<string>wrapper.framework</string>
			<key>name</key>
			<string>MediaPlayer.framework</string>
			<key>path</key>
			<string>System/Library/Frameworks/MediaPlayer.framework</string>
			<key>sourceTree</key>
			<string>SDKROOT</string>
		</dict>
		<key>528E4F2819C4167000D307D5</key>
		<dict>
			<key>fileRef</key>
			<string>528E4F2719C4167000D307D5</string>
			<key>isa</key>
			<string>PBXBuildFile</string>
		</dict>
		<key>528E4F2919C4167700D307D5</key>
		<dict>
			<key>isa</key>
			<string>PBXFileReference</string>
			<key>lastKnownFileType</key>
			<string>wrapper.framework</string>
			<key>name</key>
			<string>Accounts.framework</string>
			<key>path</key>
			<string>System/Library/Frameworks/Accounts.framework</string>
			<key>sourceTree</key>
			<string>SDKROOT</string>
		</dict>
		<key>528E4F2A19C4167700D307D5</key>
		<dict>
			<key>fileRef</key>
			<string>528E4F2919C4167700D307D5</string>
			<key>isa</key>
			<string>PBXBuildFile</string>
		</dict>
		<key>65AC9FD119C3D63B004E8124</key>
		<dict>
			<key>fileRef</key>
			<string>65DEEB6D19C3D5AC00FA0D9D</string>
			<key>isa</key>
			<string>PBXBuildFile</string>
		</dict>
		<key>65DEEB2B19C3D31300FA0D9D</key>
		<dict>
			<key>children</key>
			<array>
				<string>65DEEB3D19C3D31300FA0D9D</string>
				<string>65DEEB5C19C3D31400FA0D9D</string>
				<string>65DEEB3619C3D31300FA0D9D</string>
				<string>65DEEB3519C3D31300FA0D9D</string>
				<string>ABED237BCB9A4F0BAB20C494</string>
			</array>
			<key>isa</key>
			<string>PBXGroup</string>
			<key>sourceTree</key>
			<string>&lt;group&gt;</string>
		</dict>
		<key>65DEEB2C19C3D31300FA0D9D</key>
		<dict>
			<key>attributes</key>
			<dict>
				<key>CLASSPREFIX</key>
				<string>WWM</string>
				<key>LastUpgradeCheck</key>
				<string>0510</string>
				<key>ORGANIZATIONNAME</key>
				<string>Walk With Me LLC</string>
				<key>TargetAttributes</key>
				<dict>
					<key>65DEEB3319C3D31300FA0D9D</key>
					<dict>
						<key>DevelopmentTeam</key>
						<string>93VS8ZM66Y</string>
						<key>SystemCapabilities</key>
						<dict>
							<key>com.apple.iOS</key>
							<dict>
								<key>enabled</key>
								<string>1</string>
							</dict>
						</dict>
					</dict>
					<key>65DEEB5419C3D31300FA0D9D</key>
					<dict>
						<key>TestTargetID</key>
						<string>65DEEB3319C3D31300FA0D9D</string>
					</dict>
				</dict>
			</dict>
			<key>buildConfigurationList</key>
			<string>65DEEB2F19C3D31300FA0D9D</string>
			<key>compatibilityVersion</key>
			<string>Xcode 3.2</string>
			<key>developmentRegion</key>
			<string>English</string>
			<key>hasScannedForEncodings</key>
			<string>0</string>
			<key>isa</key>
			<string>PBXProject</string>
			<key>knownRegions</key>
			<array>
				<string>en</string>
				<string>Base</string>
			</array>
			<key>mainGroup</key>
			<string>65DEEB2B19C3D31300FA0D9D</string>
			<key>productRefGroup</key>
			<string>65DEEB3519C3D31300FA0D9D</string>
			<key>projectDirPath</key>
			<string></string>
			<key>projectReferences</key>
			<array/>
			<key>projectRoot</key>
			<string></string>
			<key>targets</key>
			<array>
				<string>65DEEB3319C3D31300FA0D9D</string>
				<string>65DEEB5419C3D31300FA0D9D</string>
			</array>
		</dict>
		<key>65DEEB2F19C3D31300FA0D9D</key>
		<dict>
			<key>buildConfigurations</key>
			<array>
				<string>65DEEB6419C3D31400FA0D9D</string>
				<string>65DEEB6519C3D31400FA0D9D</string>
			</array>
			<key>defaultConfigurationIsVisible</key>
			<string>0</string>
			<key>defaultConfigurationName</key>
			<string>Release</string>
			<key>isa</key>
			<string>XCConfigurationList</string>
		</dict>
		<key>65DEEB3019C3D31300FA0D9D</key>
		<dict>
			<key>buildActionMask</key>
			<string>2147483647</string>
			<key>files</key>
			<array>
				<string>65DEEB4E19C3D31300FA0D9D</string>
				<string>65DEEB4819C3D31300FA0D9D</string>
				<string>65DEEB4419C3D31300FA0D9D</string>
			</array>
			<key>isa</key>
			<string>PBXSourcesBuildPhase</string>
			<key>runOnlyForDeploymentPostprocessing</key>
			<string>0</string>
		</dict>
		<key>65DEEB3119C3D31300FA0D9D</key>
		<dict>
			<key>buildActionMask</key>
			<string>2147483647</string>
			<key>files</key>
			<array>
				<string>528E4F2A19C4167700D307D5</string>
				<string>528E4F2819C4167000D307D5</string>
				<string>528E4F2619C4166800D307D5</string>
				<string>528E4F2419C4166000D307D5</string>
				<string>528E4F2219C4165900D307D5</string>
				<string>528E4F2019C4163300D307D5</string>
				<string>5274179419C3FA19003D61BF</string>
				<string>5274179219C3FA11003D61BF</string>
				<string>5274179019C3F2FC003D61BF</string>
				<string>96C7983419C3E62200B975F1</string>
				<string>96C7983519C3E62200B975F1</string>
				<string>96C7983619C3E62200B975F1</string>
				<string>96C7983019C3E61100B975F1</string>
				<string>96C7982D19C3E60200B975F1</string>
				<string>96C7982E19C3E60200B975F1</string>
				<string>65DEEB3A19C3D31300FA0D9D</string>
				<string>5274178E19C3F2BD003D61BF</string>
				<string>96C7982A19C3E5EE00B975F1</string>
				<string>96C7982819C3E5E800B975F1</string>
				<string>5274179619C3FD01003D61BF</string>
				<string>65DEEB3C19C3D31300FA0D9D</string>
				<string>65AC9FD119C3D63B004E8124</string>
				<string>96F016DA19C3E48700EAD431</string>
				<string>65DEEB3819C3D31300FA0D9D</string>
				<string>73099ACD17E04458A67A5FE2</string>
			</array>
			<key>isa</key>
			<string>PBXFrameworksBuildPhase</string>
			<key>runOnlyForDeploymentPostprocessing</key>
			<string>0</string>
		</dict>
		<key>65DEEB3219C3D31300FA0D9D</key>
		<dict>
			<key>buildActionMask</key>
			<string>2147483647</string>
			<key>files</key>
			<array>
				<string>65DEEB5019C3D31300FA0D9D</string>
				<string>65DEEB4219C3D31300FA0D9D</string>
				<string>65DEEB4B19C3D31300FA0D9D</string>
			</array>
			<key>isa</key>
			<string>PBXResourcesBuildPhase</string>
			<key>runOnlyForDeploymentPostprocessing</key>
			<string>0</string>
		</dict>
		<key>65DEEB3319C3D31300FA0D9D</key>
		<dict>
			<key>buildConfigurationList</key>
			<string>65DEEB6619C3D31400FA0D9D</string>
			<key>buildPhases</key>
			<array>
				<string>423D591D07D648BB8817773E</string>
				<string>65DEEB3019C3D31300FA0D9D</string>
				<string>65DEEB3119C3D31300FA0D9D</string>
				<string>65DEEB3219C3D31300FA0D9D</string>
				<string>730F7C49552F4CA0BA831585</string>
			</array>
			<key>buildRules</key>
			<array/>
			<key>dependencies</key>
			<array/>
			<key>isa</key>
			<string>PBXNativeTarget</string>
			<key>name</key>
			<string>Walk With Me</string>
			<key>productName</key>
			<string>Walk With Me</string>
			<key>productReference</key>
			<string>65DEEB3419C3D31300FA0D9D</string>
			<key>productType</key>
			<string>com.apple.product-type.application</string>
		</dict>
		<key>65DEEB3419C3D31300FA0D9D</key>
		<dict>
			<key>explicitFileType</key>
			<string>wrapper.application</string>
			<key>includeInIndex</key>
			<string>0</string>
			<key>isa</key>
			<string>PBXFileReference</string>
			<key>path</key>
			<string>Walk With Me.app</string>
			<key>sourceTree</key>
			<string>BUILT_PRODUCTS_DIR</string>
		</dict>
		<key>65DEEB3519C3D31300FA0D9D</key>
		<dict>
			<key>children</key>
			<array>
				<string>65DEEB3419C3D31300FA0D9D</string>
				<string>65DEEB5519C3D31300FA0D9D</string>
			</array>
			<key>isa</key>
			<string>PBXGroup</string>
			<key>name</key>
			<string>Products</string>
			<key>sourceTree</key>
			<string>&lt;group&gt;</string>
		</dict>
		<key>65DEEB3619C3D31300FA0D9D</key>
		<dict>
			<key>children</key>
			<array>
				<string>65DEEB6D19C3D5AC00FA0D9D</string>
				<string>528E4F2919C4167700D307D5</string>
				<string>528E4F2719C4167000D307D5</string>
				<string>528E4F2519C4166800D307D5</string>
				<string>528E4F2319C4166000D307D5</string>
				<string>528E4F2119C4165900D307D5</string>
				<string>528E4F1F19C4163300D307D5</string>
				<string>5274179319C3FA19003D61BF</string>
				<string>5274179119C3FA11003D61BF</string>
				<string>5274178F19C3F2FC003D61BF</string>
				<string>5274178D19C3F2BD003D61BF</string>
				<string>96C7983119C3E62200B975F1</string>
				<string>96C7983219C3E62200B975F1</string>
				<string>96C7983319C3E62200B975F1</string>
				<string>96C7982F19C3E61100B975F1</string>
				<string>96C7982B19C3E60200B975F1</string>
				<string>96C7982C19C3E60200B975F1</string>
				<string>5274179519C3FD01003D61BF</string>
				<string>96C7982919C3E5EE00B975F1</string>
				<string>96C7982719C3E5E800B975F1</string>
				<string>96F016D919C3E48700EAD431</string>
				<string>65DEEB3719C3D31300FA0D9D</string>
				<string>65DEEB3919C3D31300FA0D9D</string>
				<string>65DEEB3B19C3D31300FA0D9D</string>
				<string>65DEEB5619C3D31300FA0D9D</string>
				<string>C3BD030DC16F44C5B37757E5</string>
			</array>
			<key>isa</key>
			<string>PBXGroup</string>
			<key>name</key>
			<string>Frameworks</string>
			<key>sourceTree</key>
			<string>&lt;group&gt;</string>
		</dict>
		<key>65DEEB3719C3D31300FA0D9D</key>
		<dict>
			<key>isa</key>
			<string>PBXFileReference</string>
			<key>lastKnownFileType</key>
			<string>wrapper.framework</string>
			<key>name</key>
			<string>Foundation.framework</string>
			<key>path</key>
			<string>System/Library/Frameworks/Foundation.framework</string>
			<key>sourceTree</key>
			<string>SDKROOT</string>
		</dict>
		<key>65DEEB3819C3D31300FA0D9D</key>
		<dict>
			<key>fileRef</key>
			<string>65DEEB3719C3D31300FA0D9D</string>
			<key>isa</key>
			<string>PBXBuildFile</string>
		</dict>
		<key>65DEEB3919C3D31300FA0D9D</key>
		<dict>
			<key>isa</key>
			<string>PBXFileReference</string>
			<key>lastKnownFileType</key>
			<string>wrapper.framework</string>
			<key>name</key>
			<string>CoreGraphics.framework</string>
			<key>path</key>
			<string>System/Library/Frameworks/CoreGraphics.framework</string>
			<key>sourceTree</key>
			<string>SDKROOT</string>
		</dict>
		<key>65DEEB3A19C3D31300FA0D9D</key>
		<dict>
			<key>fileRef</key>
			<string>65DEEB3919C3D31300FA0D9D</string>
			<key>isa</key>
			<string>PBXBuildFile</string>
		</dict>
		<key>65DEEB3B19C3D31300FA0D9D</key>
		<dict>
			<key>isa</key>
			<string>PBXFileReference</string>
			<key>lastKnownFileType</key>
			<string>wrapper.framework</string>
			<key>name</key>
			<string>UIKit.framework</string>
			<key>path</key>
			<string>System/Library/Frameworks/UIKit.framework</string>
			<key>sourceTree</key>
			<string>SDKROOT</string>
		</dict>
		<key>65DEEB3C19C3D31300FA0D9D</key>
		<dict>
			<key>fileRef</key>
			<string>65DEEB3B19C3D31300FA0D9D</string>
			<key>isa</key>
			<string>PBXBuildFile</string>
		</dict>
		<key>65DEEB3D19C3D31300FA0D9D</key>
		<dict>
			<key>children</key>
			<array>
				<string>65DEEB6C19C3D56A00FA0D9D</string>
				<string>65DEEB4619C3D31300FA0D9D</string>
				<string>65DEEB4719C3D31300FA0D9D</string>
				<string>65DEEB4919C3D31300FA0D9D</string>
				<string>65DEEB4C19C3D31300FA0D9D</string>
				<string>65DEEB4D19C3D31300FA0D9D</string>
				<string>65DEEB4F19C3D31300FA0D9D</string>
				<string>65DEEB3E19C3D31300FA0D9D</string>
			</array>
			<key>isa</key>
			<string>PBXGroup</string>
			<key>path</key>
			<string>Walk With Me</string>
			<key>sourceTree</key>
			<string>&lt;group&gt;</string>
		</dict>
		<key>65DEEB3E19C3D31300FA0D9D</key>
		<dict>
			<key>children</key>
			<array>
				<string>65DEEB3F19C3D31300FA0D9D</string>
				<string>65DEEB4019C3D31300FA0D9D</string>
				<string>65DEEB4319C3D31300FA0D9D</string>
				<string>65DEEB4519C3D31300FA0D9D</string>
			</array>
			<key>isa</key>
			<string>PBXGroup</string>
			<key>name</key>
			<string>Supporting Files</string>
			<key>sourceTree</key>
			<string>&lt;group&gt;</string>
		</dict>
		<key>65DEEB3F19C3D31300FA0D9D</key>
		<dict>
			<key>isa</key>
			<string>PBXFileReference</string>
			<key>lastKnownFileType</key>
			<string>text.plist.xml</string>
			<key>path</key>
			<string>Walk With Me-Info.plist</string>
			<key>sourceTree</key>
			<string>&lt;group&gt;</string>
		</dict>
		<key>65DEEB4019C3D31300FA0D9D</key>
		<dict>
			<key>children</key>
			<array>
				<string>65DEEB4119C3D31300FA0D9D</string>
			</array>
			<key>isa</key>
			<string>PBXVariantGroup</string>
			<key>name</key>
			<string>InfoPlist.strings</string>
			<key>sourceTree</key>
			<string>&lt;group&gt;</string>
		</dict>
		<key>65DEEB4119C3D31300FA0D9D</key>
		<dict>
			<key>isa</key>
			<string>PBXFileReference</string>
			<key>lastKnownFileType</key>
			<string>text.plist.strings</string>
			<key>name</key>
			<string>en</string>
			<key>path</key>
			<string>en.lproj/InfoPlist.strings</string>
			<key>sourceTree</key>
			<string>&lt;group&gt;</string>
		</dict>
		<key>65DEEB4219C3D31300FA0D9D</key>
		<dict>
			<key>fileRef</key>
			<string>65DEEB4019C3D31300FA0D9D</string>
			<key>isa</key>
			<string>PBXBuildFile</string>
		</dict>
		<key>65DEEB4319C3D31300FA0D9D</key>
		<dict>
			<key>isa</key>
			<string>PBXFileReference</string>
			<key>lastKnownFileType</key>
			<string>sourcecode.c.objc</string>
			<key>path</key>
			<string>main.m</string>
			<key>sourceTree</key>
			<string>&lt;group&gt;</string>
		</dict>
		<key>65DEEB4419C3D31300FA0D9D</key>
		<dict>
			<key>fileRef</key>
			<string>65DEEB4319C3D31300FA0D9D</string>
			<key>isa</key>
			<string>PBXBuildFile</string>
		</dict>
		<key>65DEEB4519C3D31300FA0D9D</key>
		<dict>
			<key>isa</key>
			<string>PBXFileReference</string>
			<key>lastKnownFileType</key>
			<string>sourcecode.c.h</string>
			<key>path</key>
			<string>Walk With Me-Prefix.pch</string>
			<key>sourceTree</key>
			<string>&lt;group&gt;</string>
		</dict>
		<key>65DEEB4619C3D31300FA0D9D</key>
		<dict>
			<key>isa</key>
			<string>PBXFileReference</string>
			<key>lastKnownFileType</key>
			<string>sourcecode.c.h</string>
			<key>path</key>
			<string>WWMAppDelegate.h</string>
			<key>sourceTree</key>
			<string>&lt;group&gt;</string>
		</dict>
		<key>65DEEB4719C3D31300FA0D9D</key>
		<dict>
			<key>isa</key>
			<string>PBXFileReference</string>
			<key>lastKnownFileType</key>
			<string>sourcecode.c.objc</string>
			<key>path</key>
			<string>WWMAppDelegate.m</string>
			<key>sourceTree</key>
			<string>&lt;group&gt;</string>
		</dict>
		<key>65DEEB4819C3D31300FA0D9D</key>
		<dict>
			<key>fileRef</key>
			<string>65DEEB4719C3D31300FA0D9D</string>
			<key>isa</key>
			<string>PBXBuildFile</string>
		</dict>
		<key>65DEEB4919C3D31300FA0D9D</key>
		<dict>
			<key>children</key>
			<array>
				<string>65DEEB4A19C3D31300FA0D9D</string>
			</array>
			<key>isa</key>
			<string>PBXVariantGroup</string>
			<key>name</key>
			<string>Main.storyboard</string>
			<key>sourceTree</key>
			<string>&lt;group&gt;</string>
		</dict>
		<key>65DEEB4A19C3D31300FA0D9D</key>
		<dict>
			<key>isa</key>
			<string>PBXFileReference</string>
			<key>lastKnownFileType</key>
			<string>file.storyboard</string>
			<key>name</key>
			<string>Base</string>
			<key>path</key>
			<string>Base.lproj/Main.storyboard</string>
			<key>sourceTree</key>
			<string>&lt;group&gt;</string>
		</dict>
		<key>65DEEB4B19C3D31300FA0D9D</key>
		<dict>
			<key>fileRef</key>
			<string>65DEEB4919C3D31300FA0D9D</string>
			<key>isa</key>
			<string>PBXBuildFile</string>
		</dict>
		<key>65DEEB4C19C3D31300FA0D9D</key>
		<dict>
			<key>isa</key>
			<string>PBXFileReference</string>
			<key>lastKnownFileType</key>
			<string>sourcecode.c.h</string>
			<key>path</key>
			<string>WWMViewController.h</string>
			<key>sourceTree</key>
			<string>&lt;group&gt;</string>
		</dict>
		<key>65DEEB4D19C3D31300FA0D9D</key>
		<dict>
			<key>isa</key>
			<string>PBXFileReference</string>
			<key>lastKnownFileType</key>
			<string>sourcecode.c.objc</string>
			<key>path</key>
			<string>WWMViewController.m</string>
			<key>sourceTree</key>
			<string>&lt;group&gt;</string>
		</dict>
		<key>65DEEB4E19C3D31300FA0D9D</key>
		<dict>
			<key>fileRef</key>
			<string>65DEEB4D19C3D31300FA0D9D</string>
			<key>isa</key>
			<string>PBXBuildFile</string>
		</dict>
		<key>65DEEB4F19C3D31300FA0D9D</key>
		<dict>
			<key>isa</key>
			<string>PBXFileReference</string>
			<key>lastKnownFileType</key>
			<string>folder.assetcatalog</string>
			<key>path</key>
			<string>Images.xcassets</string>
			<key>sourceTree</key>
			<string>&lt;group&gt;</string>
		</dict>
		<key>65DEEB5019C3D31300FA0D9D</key>
		<dict>
			<key>fileRef</key>
			<string>65DEEB4F19C3D31300FA0D9D</string>
			<key>isa</key>
			<string>PBXBuildFile</string>
		</dict>
		<key>65DEEB5119C3D31300FA0D9D</key>
		<dict>
			<key>buildActionMask</key>
			<string>2147483647</string>
			<key>files</key>
			<array>
				<string>65DEEB6319C3D31400FA0D9D</string>
			</array>
			<key>isa</key>
			<string>PBXSourcesBuildPhase</string>
			<key>runOnlyForDeploymentPostprocessing</key>
			<string>0</string>
		</dict>
		<key>65DEEB5219C3D31300FA0D9D</key>
		<dict>
			<key>buildActionMask</key>
			<string>2147483647</string>
			<key>files</key>
			<array>
				<string>65DEEB5719C3D31300FA0D9D</string>
				<string>65DEEB5919C3D31400FA0D9D</string>
				<string>65DEEB5819C3D31400FA0D9D</string>
			</array>
			<key>isa</key>
			<string>PBXFrameworksBuildPhase</string>
			<key>runOnlyForDeploymentPostprocessing</key>
			<string>0</string>
		</dict>
		<key>65DEEB5319C3D31300FA0D9D</key>
		<dict>
			<key>buildActionMask</key>
			<string>2147483647</string>
			<key>files</key>
			<array>
				<string>65DEEB6119C3D31400FA0D9D</string>
			</array>
			<key>isa</key>
			<string>PBXResourcesBuildPhase</string>
			<key>runOnlyForDeploymentPostprocessing</key>
			<string>0</string>
		</dict>
		<key>65DEEB5419C3D31300FA0D9D</key>
		<dict>
			<key>buildConfigurationList</key>
			<string>65DEEB6919C3D31400FA0D9D</string>
			<key>buildPhases</key>
			<array>
				<string>65DEEB5119C3D31300FA0D9D</string>
				<string>65DEEB5219C3D31300FA0D9D</string>
				<string>65DEEB5319C3D31300FA0D9D</string>
			</array>
			<key>buildRules</key>
			<array/>
			<key>dependencies</key>
			<array>
				<string>65DEEB5B19C3D31400FA0D9D</string>
			</array>
			<key>isa</key>
			<string>PBXNativeTarget</string>
			<key>name</key>
			<string>Walk With MeTests</string>
			<key>productName</key>
			<string>Walk With MeTests</string>
			<key>productReference</key>
			<string>65DEEB5519C3D31300FA0D9D</string>
			<key>productType</key>
			<string>com.apple.product-type.bundle.unit-test</string>
		</dict>
		<key>65DEEB5519C3D31300FA0D9D</key>
		<dict>
			<key>explicitFileType</key>
			<string>wrapper.cfbundle</string>
			<key>includeInIndex</key>
			<string>0</string>
			<key>isa</key>
			<string>PBXFileReference</string>
			<key>path</key>
			<string>Walk With MeTests.xctest</string>
			<key>sourceTree</key>
			<string>BUILT_PRODUCTS_DIR</string>
		</dict>
		<key>65DEEB5619C3D31300FA0D9D</key>
		<dict>
			<key>isa</key>
			<string>PBXFileReference</string>
			<key>lastKnownFileType</key>
			<string>wrapper.framework</string>
			<key>name</key>
			<string>XCTest.framework</string>
			<key>path</key>
			<string>Library/Frameworks/XCTest.framework</string>
			<key>sourceTree</key>
			<string>DEVELOPER_DIR</string>
		</dict>
		<key>65DEEB5719C3D31300FA0D9D</key>
		<dict>
			<key>fileRef</key>
			<string>65DEEB5619C3D31300FA0D9D</string>
			<key>isa</key>
			<string>PBXBuildFile</string>
		</dict>
		<key>65DEEB5819C3D31400FA0D9D</key>
		<dict>
			<key>fileRef</key>
			<string>65DEEB3719C3D31300FA0D9D</string>
			<key>isa</key>
			<string>PBXBuildFile</string>
		</dict>
		<key>65DEEB5919C3D31400FA0D9D</key>
		<dict>
			<key>fileRef</key>
			<string>65DEEB3B19C3D31300FA0D9D</string>
			<key>isa</key>
			<string>PBXBuildFile</string>
		</dict>
		<key>65DEEB5A19C3D31400FA0D9D</key>
		<dict>
			<key>containerPortal</key>
			<string>65DEEB2C19C3D31300FA0D9D</string>
			<key>isa</key>
			<string>PBXContainerItemProxy</string>
			<key>proxyType</key>
			<string>1</string>
			<key>remoteGlobalIDString</key>
			<string>65DEEB3319C3D31300FA0D9D</string>
			<key>remoteInfo</key>
			<string>Walk With Me</string>
		</dict>
		<key>65DEEB5B19C3D31400FA0D9D</key>
		<dict>
			<key>isa</key>
			<string>PBXTargetDependency</string>
			<key>target</key>
			<string>65DEEB3319C3D31300FA0D9D</string>
			<key>targetProxy</key>
			<string>65DEEB5A19C3D31400FA0D9D</string>
		</dict>
		<key>65DEEB5C19C3D31400FA0D9D</key>
		<dict>
			<key>children</key>
			<array>
				<string>65DEEB6219C3D31400FA0D9D</string>
				<string>65DEEB5D19C3D31400FA0D9D</string>
			</array>
			<key>isa</key>
			<string>PBXGroup</string>
			<key>path</key>
			<string>Walk With MeTests</string>
			<key>sourceTree</key>
			<string>&lt;group&gt;</string>
		</dict>
		<key>65DEEB5D19C3D31400FA0D9D</key>
		<dict>
			<key>children</key>
			<array>
				<string>65DEEB5E19C3D31400FA0D9D</string>
				<string>65DEEB5F19C3D31400FA0D9D</string>
			</array>
			<key>isa</key>
			<string>PBXGroup</string>
			<key>name</key>
			<string>Supporting Files</string>
			<key>sourceTree</key>
			<string>&lt;group&gt;</string>
		</dict>
		<key>65DEEB5E19C3D31400FA0D9D</key>
		<dict>
			<key>isa</key>
			<string>PBXFileReference</string>
			<key>lastKnownFileType</key>
			<string>text.plist.xml</string>
			<key>path</key>
			<string>Walk With MeTests-Info.plist</string>
			<key>sourceTree</key>
			<string>&lt;group&gt;</string>
		</dict>
		<key>65DEEB5F19C3D31400FA0D9D</key>
		<dict>
			<key>children</key>
			<array>
				<string>65DEEB6019C3D31400FA0D9D</string>
			</array>
			<key>isa</key>
			<string>PBXVariantGroup</string>
			<key>name</key>
			<string>InfoPlist.strings</string>
			<key>sourceTree</key>
			<string>&lt;group&gt;</string>
		</dict>
		<key>65DEEB6019C3D31400FA0D9D</key>
		<dict>
			<key>isa</key>
			<string>PBXFileReference</string>
			<key>lastKnownFileType</key>
			<string>text.plist.strings</string>
			<key>name</key>
			<string>en</string>
			<key>path</key>
			<string>en.lproj/InfoPlist.strings</string>
			<key>sourceTree</key>
			<string>&lt;group&gt;</string>
		</dict>
		<key>65DEEB6119C3D31400FA0D9D</key>
		<dict>
			<key>fileRef</key>
			<string>65DEEB5F19C3D31400FA0D9D</string>
			<key>isa</key>
			<string>PBXBuildFile</string>
		</dict>
		<key>65DEEB6219C3D31400FA0D9D</key>
		<dict>
			<key>isa</key>
			<string>PBXFileReference</string>
			<key>lastKnownFileType</key>
			<string>sourcecode.c.objc</string>
			<key>path</key>
			<string>Walk_With_MeTests.m</string>
			<key>sourceTree</key>
			<string>&lt;group&gt;</string>
		</dict>
		<key>65DEEB6319C3D31400FA0D9D</key>
		<dict>
			<key>fileRef</key>
			<string>65DEEB6219C3D31400FA0D9D</string>
			<key>isa</key>
			<string>PBXBuildFile</string>
		</dict>
		<key>65DEEB6419C3D31400FA0D9D</key>
		<dict>
			<key>buildSettings</key>
			<dict>
				<key>ALWAYS_SEARCH_USER_PATHS</key>
				<string>NO</string>
				<key>CLANG_CXX_LANGUAGE_STANDARD</key>
				<string>gnu++0x</string>
				<key>CLANG_CXX_LIBRARY</key>
				<string>libc++</string>
				<key>CLANG_ENABLE_MODULES</key>
				<string>YES</string>
				<key>CLANG_ENABLE_OBJC_ARC</key>
				<string>YES</string>
				<key>CLANG_WARN_BOOL_CONVERSION</key>
				<string>YES</string>
				<key>CLANG_WARN_CONSTANT_CONVERSION</key>
				<string>YES</string>
				<key>CLANG_WARN_DIRECT_OBJC_ISA_USAGE</key>
				<string>YES_ERROR</string>
				<key>CLANG_WARN_EMPTY_BODY</key>
				<string>YES</string>
				<key>CLANG_WARN_ENUM_CONVERSION</key>
				<string>YES</string>
				<key>CLANG_WARN_INT_CONVERSION</key>
				<string>YES</string>
				<key>CLANG_WARN_OBJC_ROOT_CLASS</key>
				<string>YES_ERROR</string>
				<key>CLANG_WARN__DUPLICATE_METHOD_MATCH</key>
				<string>YES</string>
				<key>CODE_SIGN_IDENTITY[sdk=iphoneos*]</key>
				<string>iPhone Developer</string>
				<key>COPY_PHASE_STRIP</key>
				<string>NO</string>
				<key>GCC_C_LANGUAGE_STANDARD</key>
				<string>gnu99</string>
				<key>GCC_DYNAMIC_NO_PIC</key>
				<string>NO</string>
				<key>GCC_OPTIMIZATION_LEVEL</key>
				<string>0</string>
				<key>GCC_PREPROCESSOR_DEFINITIONS</key>
				<array>
					<string>DEBUG=1</string>
					<string>$(inherited)</string>
				</array>
				<key>GCC_SYMBOLS_PRIVATE_EXTERN</key>
				<string>NO</string>
				<key>GCC_WARN_64_TO_32_BIT_CONVERSION</key>
				<string>YES</string>
				<key>GCC_WARN_ABOUT_RETURN_TYPE</key>
				<string>YES_ERROR</string>
				<key>GCC_WARN_UNDECLARED_SELECTOR</key>
				<string>YES</string>
				<key>GCC_WARN_UNINITIALIZED_AUTOS</key>
				<string>YES_AGGRESSIVE</string>
				<key>GCC_WARN_UNUSED_FUNCTION</key>
				<string>YES</string>
				<key>GCC_WARN_UNUSED_VARIABLE</key>
				<string>YES</string>
				<key>IPHONEOS_DEPLOYMENT_TARGET</key>
				<string>7.1</string>
				<key>ONLY_ACTIVE_ARCH</key>
				<string>YES</string>
				<key>SDKROOT</key>
				<string>iphoneos</string>
			</dict>
			<key>isa</key>
			<string>XCBuildConfiguration</string>
			<key>name</key>
			<string>Debug</string>
		</dict>
		<key>65DEEB6519C3D31400FA0D9D</key>
		<dict>
			<key>buildSettings</key>
			<dict>
				<key>ALWAYS_SEARCH_USER_PATHS</key>
				<string>NO</string>
				<key>CLANG_CXX_LANGUAGE_STANDARD</key>
				<string>gnu++0x</string>
				<key>CLANG_CXX_LIBRARY</key>
				<string>libc++</string>
				<key>CLANG_ENABLE_MODULES</key>
				<string>YES</string>
				<key>CLANG_ENABLE_OBJC_ARC</key>
				<string>YES</string>
				<key>CLANG_WARN_BOOL_CONVERSION</key>
				<string>YES</string>
				<key>CLANG_WARN_CONSTANT_CONVERSION</key>
				<string>YES</string>
				<key>CLANG_WARN_DIRECT_OBJC_ISA_USAGE</key>
				<string>YES_ERROR</string>
				<key>CLANG_WARN_EMPTY_BODY</key>
				<string>YES</string>
				<key>CLANG_WARN_ENUM_CONVERSION</key>
				<string>YES</string>
				<key>CLANG_WARN_INT_CONVERSION</key>
				<string>YES</string>
				<key>CLANG_WARN_OBJC_ROOT_CLASS</key>
				<string>YES_ERROR</string>
				<key>CLANG_WARN__DUPLICATE_METHOD_MATCH</key>
				<string>YES</string>
				<key>CODE_SIGN_IDENTITY[sdk=iphoneos*]</key>
				<string>iPhone Developer</string>
				<key>COPY_PHASE_STRIP</key>
				<string>YES</string>
				<key>ENABLE_NS_ASSERTIONS</key>
				<string>NO</string>
				<key>GCC_C_LANGUAGE_STANDARD</key>
				<string>gnu99</string>
				<key>GCC_WARN_64_TO_32_BIT_CONVERSION</key>
				<string>YES</string>
				<key>GCC_WARN_ABOUT_RETURN_TYPE</key>
				<string>YES_ERROR</string>
				<key>GCC_WARN_UNDECLARED_SELECTOR</key>
				<string>YES</string>
				<key>GCC_WARN_UNINITIALIZED_AUTOS</key>
				<string>YES_AGGRESSIVE</string>
				<key>GCC_WARN_UNUSED_FUNCTION</key>
				<string>YES</string>
				<key>GCC_WARN_UNUSED_VARIABLE</key>
				<string>YES</string>
				<key>IPHONEOS_DEPLOYMENT_TARGET</key>
				<string>7.1</string>
				<key>SDKROOT</key>
				<string>iphoneos</string>
				<key>VALIDATE_PRODUCT</key>
				<string>YES</string>
			</dict>
			<key>isa</key>
			<string>XCBuildConfiguration</string>
			<key>name</key>
			<string>Release</string>
		</dict>
		<key>65DEEB6619C3D31400FA0D9D</key>
		<dict>
			<key>buildConfigurations</key>
			<array>
				<string>65DEEB6719C3D31400FA0D9D</string>
				<string>65DEEB6819C3D31400FA0D9D</string>
			</array>
			<key>defaultConfigurationIsVisible</key>
			<string>0</string>
			<key>defaultConfigurationName</key>
			<string>Release</string>
			<key>isa</key>
			<string>XCConfigurationList</string>
		</dict>
		<key>65DEEB6719C3D31400FA0D9D</key>
		<dict>
			<key>baseConfigurationReference</key>
			<string>ABED237BCB9A4F0BAB20C494</string>
			<key>buildSettings</key>
			<dict>
				<key>ASSETCATALOG_COMPILER_APPICON_NAME</key>
				<string>AppIcon</string>
				<key>ASSETCATALOG_COMPILER_LAUNCHIMAGE_NAME</key>
				<string>LaunchImage</string>
				<key>CODE_SIGN_IDENTITY</key>
				<string>iPhone Developer</string>
				<key>CODE_SIGN_IDENTITY[sdk=iphoneos*]</key>
				<string>iPhone Developer</string>
				<key>FRAMEWORK_SEARCH_PATHS</key>
				<array>
					<string>$(inherited)</string>
					<string>$(PROJECT_DIR)</string>
				</array>
				<key>GCC_PRECOMPILE_PREFIX_HEADER</key>
				<string>YES</string>
				<key>GCC_PREFIX_HEADER</key>
				<string>Walk With Me/Walk With Me-Prefix.pch</string>
				<key>INFOPLIST_FILE</key>
				<string>Walk With Me/Walk With Me-Info.plist</string>
				<key>OTHER_LDFLAGS</key>
				<string>-ObjC</string>
				<key>PRODUCT_NAME</key>
				<string>$(TARGET_NAME)</string>
				<key>PROVISIONING_PROFILE</key>
				<string></string>
				<key>WRAPPER_EXTENSION</key>
				<string>app</string>
			</dict>
			<key>isa</key>
			<string>XCBuildConfiguration</string>
			<key>name</key>
			<string>Debug</string>
		</dict>
		<key>65DEEB6819C3D31400FA0D9D</key>
		<dict>
			<key>baseConfigurationReference</key>
			<string>ABED237BCB9A4F0BAB20C494</string>
			<key>buildSettings</key>
			<dict>
				<key>ASSETCATALOG_COMPILER_APPICON_NAME</key>
				<string>AppIcon</string>
				<key>ASSETCATALOG_COMPILER_LAUNCHIMAGE_NAME</key>
				<string>LaunchImage</string>
				<key>CODE_SIGN_IDENTITY</key>
				<string>iPhone Developer</string>
				<key>CODE_SIGN_IDENTITY[sdk=iphoneos*]</key>
				<string>iPhone Developer</string>
				<key>FRAMEWORK_SEARCH_PATHS</key>
				<array>
					<string>$(inherited)</string>
					<string>$(PROJECT_DIR)</string>
				</array>
				<key>GCC_PRECOMPILE_PREFIX_HEADER</key>
				<string>YES</string>
				<key>GCC_PREFIX_HEADER</key>
				<string>Walk With Me/Walk With Me-Prefix.pch</string>
				<key>INFOPLIST_FILE</key>
				<string>Walk With Me/Walk With Me-Info.plist</string>
				<key>OTHER_LDFLAGS</key>
				<string>-ObjC</string>
				<key>PRODUCT_NAME</key>
				<string>$(TARGET_NAME)</string>
				<key>PROVISIONING_PROFILE</key>
				<string></string>
				<key>WRAPPER_EXTENSION</key>
				<string>app</string>
			</dict>
			<key>isa</key>
			<string>XCBuildConfiguration</string>
			<key>name</key>
			<string>Release</string>
		</dict>
		<key>65DEEB6919C3D31400FA0D9D</key>
		<dict>
			<key>buildConfigurations</key>
			<array>
				<string>65DEEB6A19C3D31400FA0D9D</string>
				<string>65DEEB6B19C3D31400FA0D9D</string>
			</array>
			<key>defaultConfigurationIsVisible</key>
			<string>0</string>
			<key>defaultConfigurationName</key>
			<string>Release</string>
			<key>isa</key>
			<string>XCConfigurationList</string>
		</dict>
		<key>65DEEB6A19C3D31400FA0D9D</key>
		<dict>
			<key>buildSettings</key>
			<dict>
				<key>BUNDLE_LOADER</key>
				<string>$(BUILT_PRODUCTS_DIR)/Walk With Me.app/Walk With Me</string>
				<key>FRAMEWORK_SEARCH_PATHS</key>
				<array>
					<string>$(SDKROOT)/Developer/Library/Frameworks</string>
					<string>$(inherited)</string>
					<string>$(DEVELOPER_FRAMEWORKS_DIR)</string>
				</array>
				<key>GCC_PRECOMPILE_PREFIX_HEADER</key>
				<string>YES</string>
				<key>GCC_PREFIX_HEADER</key>
				<string>Walk With Me/Walk With Me-Prefix.pch</string>
				<key>GCC_PREPROCESSOR_DEFINITIONS</key>
				<array>
					<string>DEBUG=1</string>
					<string>$(inherited)</string>
				</array>
				<key>INFOPLIST_FILE</key>
				<string>Walk With MeTests/Walk With MeTests-Info.plist</string>
				<key>PRODUCT_NAME</key>
				<string>$(TARGET_NAME)</string>
				<key>TEST_HOST</key>
				<string>$(BUNDLE_LOADER)</string>
				<key>WRAPPER_EXTENSION</key>
				<string>xctest</string>
			</dict>
			<key>isa</key>
			<string>XCBuildConfiguration</string>
			<key>name</key>
			<string>Debug</string>
		</dict>
		<key>65DEEB6B19C3D31400FA0D9D</key>
		<dict>
			<key>buildSettings</key>
			<dict>
				<key>BUNDLE_LOADER</key>
				<string>$(BUILT_PRODUCTS_DIR)/Walk With Me.app/Walk With Me</string>
				<key>FRAMEWORK_SEARCH_PATHS</key>
				<array>
					<string>$(SDKROOT)/Developer/Library/Frameworks</string>
					<string>$(inherited)</string>
					<string>$(DEVELOPER_FRAMEWORKS_DIR)</string>
				</array>
				<key>GCC_PRECOMPILE_PREFIX_HEADER</key>
				<string>YES</string>
				<key>GCC_PREFIX_HEADER</key>
				<string>Walk With Me/Walk With Me-Prefix.pch</string>
				<key>INFOPLIST_FILE</key>
				<string>Walk With MeTests/Walk With MeTests-Info.plist</string>
				<key>PRODUCT_NAME</key>
				<string>$(TARGET_NAME)</string>
				<key>TEST_HOST</key>
				<string>$(BUNDLE_LOADER)</string>
				<key>WRAPPER_EXTENSION</key>
				<string>xctest</string>
			</dict>
			<key>isa</key>
			<string>XCBuildConfiguration</string>
			<key>name</key>
			<string>Release</string>
		</dict>
		<key>65DEEB6C19C3D56A00FA0D9D</key>
		<dict>
			<key>isa</key>
			<string>PBXFileReference</string>
			<key>lastKnownFileType</key>
			<string>sourcecode.c.h</string>
			<key>path</key>
			<string>WalkWithMe.h</string>
			<key>sourceTree</key>
			<string>&lt;group&gt;</string>
		</dict>
		<key>65DEEB6D19C3D5AC00FA0D9D</key>
		<dict>
			<key>isa</key>
			<string>PBXFileReference</string>
			<key>lastKnownFileType</key>
			<string>wrapper.framework</string>
			<key>name</key>
			<string>MapKit.framework</string>
			<key>path</key>
			<string>System/Library/Frameworks/MapKit.framework</string>
			<key>sourceTree</key>
			<string>SDKROOT</string>
		</dict>
		<key>73099ACD17E04458A67A5FE2</key>
		<dict>
			<key>fileRef</key>
			<string>C3BD030DC16F44C5B37757E5</string>
			<key>isa</key>
			<string>PBXBuildFile</string>
		</dict>
		<key>730F7C49552F4CA0BA831585</key>
		<dict>
			<key>buildActionMask</key>
			<string>2147483647</string>
			<key>files</key>
			<array/>
			<key>inputPaths</key>
			<array/>
			<key>isa</key>
			<string>PBXShellScriptBuildPhase</string>
			<key>name</key>
			<string>Copy Pods Resources</string>
			<key>outputPaths</key>
			<array/>
			<key>runOnlyForDeploymentPostprocessing</key>
			<string>0</string>
			<key>shellPath</key>
			<string>/bin/sh</string>
			<key>shellScript</key>
			<string>"${SRCROOT}/Pods/Pods-resources.sh"
</string>
			<key>showEnvVarsInLog</key>
			<string>0</string>
		</dict>
		<key>96C7982719C3E5E800B975F1</key>
		<dict>
			<key>isa</key>
			<string>PBXFileReference</string>
			<key>lastKnownFileType</key>
			<string>wrapper.framework</string>
			<key>name</key>
			<string>AudioToolbox.framework</string>
			<key>path</key>
			<string>System/Library/Frameworks/AudioToolbox.framework</string>
			<key>sourceTree</key>
			<string>SDKROOT</string>
		</dict>
		<key>96C7982819C3E5E800B975F1</key>
		<dict>
			<key>fileRef</key>
			<string>96C7982719C3E5E800B975F1</string>
			<key>isa</key>
			<string>PBXBuildFile</string>
		</dict>
		<key>96C7982919C3E5EE00B975F1</key>
		<dict>
			<key>isa</key>
			<string>PBXFileReference</string>
			<key>lastKnownFileType</key>
			<string>wrapper.framework</string>
			<key>name</key>
			<string>CFNetwork.framework</string>
			<key>path</key>
			<string>System/Library/Frameworks/CFNetwork.framework</string>
			<key>sourceTree</key>
			<string>SDKROOT</string>
		</dict>
		<key>96C7982A19C3E5EE00B975F1</key>
		<dict>
			<key>fileRef</key>
			<string>96C7982919C3E5EE00B975F1</string>
			<key>isa</key>
			<string>PBXBuildFile</string>
		</dict>
		<key>96C7982B19C3E60200B975F1</key>
		<dict>
			<key>isa</key>
			<string>PBXFileReference</string>
			<key>lastKnownFileType</key>
			<string>wrapper.framework</string>
			<key>name</key>
			<string>CoreLocation.framework</string>
			<key>path</key>
			<string>System/Library/Frameworks/CoreLocation.framework</string>
			<key>sourceTree</key>
			<string>SDKROOT</string>
		</dict>
		<key>96C7982C19C3E60200B975F1</key>
		<dict>
			<key>isa</key>
			<string>PBXFileReference</string>
			<key>lastKnownFileType</key>
			<string>compiled.mach-o.dylib</string>
			<key>name</key>
			<string>libz.dylib</string>
			<key>path</key>
			<string>usr/lib/libz.dylib</string>
			<key>sourceTree</key>
			<string>SDKROOT</string>
		</dict>
		<key>96C7982D19C3E60200B975F1</key>
		<dict>
			<key>fileRef</key>
			<string>96C7982B19C3E60200B975F1</string>
			<key>isa</key>
			<string>PBXBuildFile</string>
		</dict>
		<key>96C7982E19C3E60200B975F1</key>
		<dict>
			<key>fileRef</key>
			<string>96C7982C19C3E60200B975F1</string>
			<key>isa</key>
			<string>PBXBuildFile</string>
		</dict>
		<key>96C7982F19C3E61100B975F1</key>
		<dict>
			<key>isa</key>
			<string>PBXFileReference</string>
			<key>lastKnownFileType</key>
			<string>wrapper.framework</string>
			<key>name</key>
			<string>QuartzCore.framework</string>
			<key>path</key>
			<string>System/Library/Frameworks/QuartzCore.framework</string>
			<key>sourceTree</key>
			<string>SDKROOT</string>
		</dict>
		<key>96C7983019C3E61100B975F1</key>
		<dict>
			<key>fileRef</key>
			<string>96C7982F19C3E61100B975F1</string>
			<key>isa</key>
			<string>PBXBuildFile</string>
		</dict>
		<key>96C7983119C3E62200B975F1</key>
		<dict>
			<key>isa</key>
			<string>PBXFileReference</string>
			<key>lastKnownFileType</key>
			<string>wrapper.framework</string>
			<key>name</key>
			<string>Security.framework</string>
			<key>path</key>
			<string>System/Library/Frameworks/Security.framework</string>
			<key>sourceTree</key>
			<string>SDKROOT</string>
		</dict>
		<key>96C7983219C3E62200B975F1</key>
		<dict>
			<key>isa</key>
			<string>PBXFileReference</string>
			<key>lastKnownFileType</key>
			<string>wrapper.framework</string>
			<key>name</key>
			<string>StoreKit.framework</string>
			<key>path</key>
			<string>System/Library/Frameworks/StoreKit.framework</string>
			<key>sourceTree</key>
			<string>SDKROOT</string>
		</dict>
		<key>96C7983319C3E62200B975F1</key>
		<dict>
			<key>isa</key>
			<string>PBXFileReference</string>
			<key>lastKnownFileType</key>
			<string>wrapper.framework</string>
			<key>name</key>
			<string>SystemConfiguration.framework</string>
			<key>path</key>
			<string>System/Library/Frameworks/SystemConfiguration.framework</string>
			<key>sourceTree</key>
			<string>SDKROOT</string>
		</dict>
		<key>96C7983419C3E62200B975F1</key>
		<dict>
			<key>fileRef</key>
			<string>96C7983119C3E62200B975F1</string>
			<key>isa</key>
			<string>PBXBuildFile</string>
		</dict>
		<key>96C7983519C3E62200B975F1</key>
		<dict>
			<key>fileRef</key>
			<string>96C7983219C3E62200B975F1</string>
			<key>isa</key>
			<string>PBXBuildFile</string>
		</dict>
		<key>96C7983619C3E62200B975F1</key>
		<dict>
			<key>fileRef</key>
			<string>96C7983319C3E62200B975F1</string>
			<key>isa</key>
			<string>PBXBuildFile</string>
		</dict>
		<key>96F016D919C3E48700EAD431</key>
		<dict>
			<key>isa</key>
			<string>PBXFileReference</string>
			<key>lastKnownFileType</key>
			<string>wrapper.framework</string>
			<key>path</key>
			<string>Parse.framework</string>
			<key>sourceTree</key>
			<string>&lt;group&gt;</string>
		</dict>
		<key>96F016DA19C3E48700EAD431</key>
		<dict>
			<key>fileRef</key>
			<string>96F016D919C3E48700EAD431</string>
			<key>isa</key>
			<string>PBXBuildFile</string>
		</dict>
		<key>ABED237BCB9A4F0BAB20C494</key>
		<dict>
			<key>includeInIndex</key>
			<string>1</string>
			<key>isa</key>
			<string>PBXFileReference</string>
			<key>lastKnownFileType</key>
			<string>text.xcconfig</string>
			<key>name</key>
			<string>Pods.xcconfig</string>
			<key>path</key>
			<string>Pods/Pods.xcconfig</string>
			<key>sourceTree</key>
			<string>&lt;group&gt;</string>
		</dict>
		<key>C3BD030DC16F44C5B37757E5</key>
		<dict>
			<key>explicitFileType</key>
			<string>archive.ar</string>
			<key>includeInIndex</key>
			<string>0</string>
			<key>isa</key>
			<string>PBXFileReference</string>
			<key>path</key>
			<string>libPods.a</string>
			<key>sourceTree</key>
			<string>BUILT_PRODUCTS_DIR</string>
		</dict>
	</dict>
	<key>rootObject</key>
	<string>65DEEB2C19C3D31300FA0D9D</string>
</dict>
</plist>
